
Microsoft Visual Studio Solution File, Format Version 12.00
# Visual Studio Version 16
VisualStudioVersion = 16.0.29519.181
MinimumVisualStudioVersion = 10.0.40219.1
Project("{FAE04EC0-301F-11D3-BF4B-00C04F79EFBC}") = "RevitUtils", "RevitUtils\RevitUtils.csproj", "{5ED3F164-81B6-422C-8766-59E75A49A9DB}"
EndProject
Project("{FAE04EC0-301F-11D3-BF4B-00C04F79EFBC}") = "DotNetUtils", "DotNetUtils\DotNetUtils.csproj", "{09D200E6-6D5A-416F-ABB1-A369E2FCE317}"
EndProject
Project("{FAE04EC0-301F-11D3-BF4B-00C04F79EFBC}") = "DotNetUtils.Test", "DotNetUtils.Test\DotNetUtils.Test.csproj", "{0AA6A897-F015-4B18-90BC-D2E2F44EBB63}"
EndProject
Global
	GlobalSection(SolutionConfigurationPlatforms) = preSolution
		Debug|Any CPU = Debug|Any CPU
		Release|Any CPU = Release|Any CPU
	EndGlobalSection
	GlobalSection(ProjectConfigurationPlatforms) = postSolution
		{5ED3F164-81B6-422C-8766-59E75A49A9DB}.Debug|Any CPU.ActiveCfg = Debug|Any CPU
		{5ED3F164-81B6-422C-8766-59E75A49A9DB}.Debug|Any CPU.Build.0 = Debug|Any CPU
		{5ED3F164-81B6-422C-8766-59E75A49A9DB}.Release|Any CPU.ActiveCfg = Release|Any CPU
		{5ED3F164-81B6-422C-8766-59E75A49A9DB}.Release|Any CPU.Build.0 = Release|Any CPU
		{09D200E6-6D5A-416F-ABB1-A369E2FCE317}.Debug|Any CPU.ActiveCfg = Debug|Any CPU
		{09D200E6-6D5A-416F-ABB1-A369E2FCE317}.Debug|Any CPU.Build.0 = Debug|Any CPU
		{09D200E6-6D5A-416F-ABB1-A369E2FCE317}.Release|Any CPU.ActiveCfg = Release|Any CPU
		{09D200E6-6D5A-416F-ABB1-A369E2FCE317}.Release|Any CPU.Build.0 = Release|Any CPU
		{0AA6A897-F015-4B18-90BC-D2E2F44EBB63}.Debug|Any CPU.ActiveCfg = Debug|Any CPU
		{0AA6A897-F015-4B18-90BC-D2E2F44EBB63}.Debug|Any CPU.Build.0 = Debug|Any CPU
		{0AA6A897-F015-4B18-90BC-D2E2F44EBB63}.Release|Any CPU.ActiveCfg = Release|Any CPU
		{0AA6A897-F015-4B18-90BC-D2E2F44EBB63}.Release|Any CPU.Build.0 = Release|Any CPU
	EndGlobalSection
	GlobalSection(SolutionProperties) = preSolution
		HideSolutionNode = FALSE
	EndGlobalSection
	GlobalSection(ExtensibilityGlobals) = postSolution
		SolutionGuid = {E2DFA440-6926-43CF-8491-BEC8CA81CA4D}
	EndGlobalSection
EndGlobal
